
Microsoft Visual Studio Solution File, Format Version 12.00
# Visual Studio Version 16
VisualStudioVersion = 16.0.30225.117
MinimumVisualStudioVersion = 10.0.40219.1
Project("{F184B08F-C81C-45F6-A57F-5ABD9991F28F}") = "Question And Answer Game Level 1", "Question And Answer Game Level 1\Question And Answer Game Level 1.vbproj", "{C64ABED0-F5A0-40C3-860C-58B35721CAF5}"
EndProject
Global
	GlobalSection(SolutionConfigurationPlatforms) = preSolution
		Debug|Any CPU = Debug|Any CPU
		Release|Any CPU = Release|Any CPU
	EndGlobalSection
	GlobalSection(ProjectConfigurationPlatforms) = postSolution
		{C64ABED0-F5A0-40C3-860C-58B35721CAF5}.Debug|Any CPU.ActiveCfg = Debug|Any CPU
		{C64ABED0-F5A0-40C3-860C-58B35721CAF5}.Debug|Any CPU.Build.0 = Debug|Any CPU
		{C64ABED0-F5A0-40C3-860C-58B35721CAF5}.Release|Any CPU.ActiveCfg = Release|Any CPU
		{C64ABED0-F5A0-40C3-860C-58B35721CAF5}.Release|Any CPU.Build.0 = Release|Any CPU
	EndGlobalSection
	GlobalSection(SolutionProperties) = preSolution
		HideSolutionNode = FALSE
	EndGlobalSection
	GlobalSection(ExtensibilityGlobals) = postSolution
		SolutionGuid = {C255B76B-3F26-4240-B976-0B03A971EC09}
	EndGlobalSection
EndGlobal
