
Microsoft Visual Studio Solution File, Format Version 12.00
# Visual Studio Version 16
VisualStudioVersion = 16.0.30225.117
MinimumVisualStudioVersion = 10.0.40219.1
Project("{F184B08F-C81C-45F6-A57F-5ABD9991F28F}") = "Pong", "Pong\Pong.vbproj", "{C28F72FC-89B6-4834-A9F0-18C222DCEC96}"
EndProject
Global
	GlobalSection(SolutionConfigurationPlatforms) = preSolution
		Debug|Any CPU = Debug|Any CPU
		Release|Any CPU = Release|Any CPU
	EndGlobalSection
	GlobalSection(ProjectConfigurationPlatforms) = postSolution
		{C28F72FC-89B6-4834-A9F0-18C222DCEC96}.Debug|Any CPU.ActiveCfg = Debug|Any CPU
		{C28F72FC-89B6-4834-A9F0-18C222DCEC96}.Debug|Any CPU.Build.0 = Debug|Any CPU
		{C28F72FC-89B6-4834-A9F0-18C222DCEC96}.Release|Any CPU.ActiveCfg = Release|Any CPU
		{C28F72FC-89B6-4834-A9F0-18C222DCEC96}.Release|Any CPU.Build.0 = Release|Any CPU
	EndGlobalSection
	GlobalSection(SolutionProperties) = preSolution
		HideSolutionNode = FALSE
	EndGlobalSection
	GlobalSection(ExtensibilityGlobals) = postSolution
		SolutionGuid = {98C18F69-8629-476C-96D5-951E59A48E99}
	EndGlobalSection
EndGlobal
